// !$*UTF8*$!
{
	archiveVersion = 1;
	classes = {
	};
	objectVersion = 46;
	objects = {

/* Begin PBXBuildFile section */
		306989C418B61719007A9270 /* Foundation.framework in Frameworks */ = {isa = PBXBuildFile; fileRef = 306989C318B61719007A9270 /* Foundation.framework */; };
		306989C618B61719007A9270 /* CoreGraphics.framework in Frameworks */ = {isa = PBXBuildFile; fileRef = 306989C518B61719007A9270 /* CoreGraphics.framework */; };
		306989C818B61719007A9270 /* UIKit.framework in Frameworks */ = {isa = PBXBuildFile; fileRef = 306989C718B61719007A9270 /* UIKit.framework */; };
		306989CE18B61719007A9270 /* InfoPlist.strings in Resources */ = {isa = PBXBuildFile; fileRef = 306989CC18B61719007A9270 /* InfoPlist.strings */; };
		306989D018B61719007A9270 /* main.m in Sources */ = {isa = PBXBuildFile; fileRef = 306989CF18B61719007A9270 /* main.m */; };
		306989D418B61719007A9270 /* SPDYTCAppDelegate.m in Sources */ = {isa = PBXBuildFile; fileRef = 306989D318B61719007A9270 /* SPDYTCAppDelegate.m */; };
		306989D618B61719007A9270 /* Images.xcassets in Resources */ = {isa = PBXBuildFile; fileRef = 306989D518B61719007A9270 /* Images.xcassets */; };
		306989DD18B61719007A9270 /* XCTest.framework in Frameworks */ = {isa = PBXBuildFile; fileRef = 306989DC18B61719007A9270 /* XCTest.framework */; };
		306989DE18B61719007A9270 /* Foundation.framework in Frameworks */ = {isa = PBXBuildFile; fileRef = 306989C318B61719007A9270 /* Foundation.framework */; };
		306989DF18B61719007A9270 /* UIKit.framework in Frameworks */ = {isa = PBXBuildFile; fileRef = 306989C718B61719007A9270 /* UIKit.framework */; };
		306989E718B61719007A9270 /* InfoPlist.strings in Resources */ = {isa = PBXBuildFile; fileRef = 306989E518B61719007A9270 /* InfoPlist.strings */; };
		306989E918B61719007A9270 /* SPDYTestClientTests.m in Sources */ = {isa = PBXBuildFile; fileRef = 306989E818B61719007A9270 /* SPDYTestClientTests.m */; };
		48C2276C15CB4FFB85E3060B /* libPods.a in Frameworks */ = {isa = PBXBuildFile; fileRef = 8BDBDE58621A4D1F8A04EC3B /* libPods.a */; };
/* End PBXBuildFile section */

/* Begin PBXContainerItemProxy section */
		306989E018B61719007A9270 /* PBXContainerItemProxy */ = {
			isa = PBXContainerItemProxy;
			containerPortal = 306989B818B61719007A9270 /* Project object */;
			proxyType = 1;
			remoteGlobalIDString = 306989BF18B61719007A9270;
			remoteInfo = SPDYTestClient;
		};
/* End PBXContainerItemProxy section */

/* Begin PBXFileReference section */
		306989C018B61719007A9270 /* SPDYTestClient.app */ = {isa = PBXFileReference; explicitFileType = wrapper.application; includeInIndex = 0; path = SPDYTestClient.app; sourceTree = BUILT_PRODUCTS_DIR; };
		306989C318B61719007A9270 /* Foundation.framework */ = {isa = PBXFileReference; lastKnownFileType = wrapper.framework; name = Foundation.framework; path = System/Library/Frameworks/Foundation.framework; sourceTree = SDKROOT; };
		306989C518B61719007A9270 /* CoreGraphics.framework */ = {isa = PBXFileReference; lastKnownFileType = wrapper.framework; name = CoreGraphics.framework; path = System/Library/Frameworks/CoreGraphics.framework; sourceTree = SDKROOT; };
		306989C718B61719007A9270 /* UIKit.framework */ = {isa = PBXFileReference; lastKnownFileType = wrapper.framework; name = UIKit.framework; path = System/Library/Frameworks/UIKit.framework; sourceTree = SDKROOT; };
		306989CB18B61719007A9270 /* SPDYTestClient-Info.plist */ = {isa = PBXFileReference; lastKnownFileType = text.plist.xml; path = "SPDYTestClient-Info.plist"; sourceTree = "<group>"; };
		306989CD18B61719007A9270 /* en */ = {isa = PBXFileReference; lastKnownFileType = text.plist.strings; name = en; path = en.lproj/InfoPlist.strings; sourceTree = "<group>"; };
		306989CF18B61719007A9270 /* main.m */ = {isa = PBXFileReference; lastKnownFileType = sourcecode.c.objc; path = main.m; sourceTree = "<group>"; };
		306989D118B61719007A9270 /* SPDYTestClient-Prefix.pch */ = {isa = PBXFileReference; lastKnownFileType = sourcecode.c.h; path = "SPDYTestClient-Prefix.pch"; sourceTree = "<group>"; };
		306989D218B61719007A9270 /* SPDYTCAppDelegate.h */ = {isa = PBXFileReference; lastKnownFileType = sourcecode.c.h; path = SPDYTCAppDelegate.h; sourceTree = "<group>"; };
		306989D318B61719007A9270 /* SPDYTCAppDelegate.m */ = {isa = PBXFileReference; lastKnownFileType = sourcecode.c.objc; path = SPDYTCAppDelegate.m; sourceTree = "<group>"; };
		306989D518B61719007A9270 /* Images.xcassets */ = {isa = PBXFileReference; lastKnownFileType = folder.assetcatalog; path = Images.xcassets; sourceTree = "<group>"; };
		306989DB18B61719007A9270 /* SPDYTestClientTests.xctest */ = {isa = PBXFileReference; explicitFileType = wrapper.cfbundle; includeInIndex = 0; path = SPDYTestClientTests.xctest; sourceTree = BUILT_PRODUCTS_DIR; };
		306989DC18B61719007A9270 /* XCTest.framework */ = {isa = PBXFileReference; lastKnownFileType = wrapper.framework; name = XCTest.framework; path = Library/Frameworks/XCTest.framework; sourceTree = DEVELOPER_DIR; };
		306989E418B61719007A9270 /* SPDYTestClientTests-Info.plist */ = {isa = PBXFileReference; lastKnownFileType = text.plist.xml; path = "SPDYTestClientTests-Info.plist"; sourceTree = "<group>"; };
		306989E618B61719007A9270 /* en */ = {isa = PBXFileReference; lastKnownFileType = text.plist.strings; name = en; path = en.lproj/InfoPlist.strings; sourceTree = "<group>"; };
		306989E818B61719007A9270 /* SPDYTestClientTests.m */ = {isa = PBXFileReference; lastKnownFileType = sourcecode.c.objc; path = SPDYTestClientTests.m; sourceTree = "<group>"; };
		8BDBDE58621A4D1F8A04EC3B /* libPods.a */ = {isa = PBXFileReference; explicitFileType = archive.ar; includeInIndex = 0; path = libPods.a; sourceTree = BUILT_PRODUCTS_DIR; };
		AB064D1F591E4CE0A8145C3D /* Pods.xcconfig */ = {isa = PBXFileReference; includeInIndex = 1; lastKnownFileType = text.xcconfig; name = Pods.xcconfig; path = Pods/Pods.xcconfig; sourceTree = "<group>"; };
/* End PBXFileReference section */

/* Begin PBXFrameworksBuildPhase section */
		306989BD18B61719007A9270 /* Frameworks */ = {
			isa = PBXFrameworksBuildPhase;
			buildActionMask = 2147483647;
			files = (
				306989C618B61719007A9270 /* CoreGraphics.framework in Frameworks */,
				306989C818B61719007A9270 /* UIKit.framework in Frameworks */,
				306989C418B61719007A9270 /* Foundation.framework in Frameworks */,
				48C2276C15CB4FFB85E3060B /* libPods.a in Frameworks */,
			);
			runOnlyForDeploymentPostprocessing = 0;
		};
		306989D818B61719007A9270 /* Frameworks */ = {
			isa = PBXFrameworksBuildPhase;
			buildActionMask = 2147483647;
			files = (
				306989DD18B61719007A9270 /* XCTest.framework in Frameworks */,
				306989DF18B61719007A9270 /* UIKit.framework in Frameworks */,
				306989DE18B61719007A9270 /* Foundation.framework in Frameworks */,
			);
			runOnlyForDeploymentPostprocessing = 0;
		};
/* End PBXFrameworksBuildPhase section */

/* Begin PBXGroup section */
		306989B718B61719007A9270 = {
			isa = PBXGroup;
			children = (
				306989C918B61719007A9270 /* SPDYTestClient */,
				306989E218B61719007A9270 /* SPDYTestClientTests */,
				306989C218B61719007A9270 /* Frameworks */,
				306989C118B61719007A9270 /* Products */,
				AB064D1F591E4CE0A8145C3D /* Pods.xcconfig */,
			);
			sourceTree = "<group>";
		};
		306989C118B61719007A9270 /* Products */ = {
			isa = PBXGroup;
			children = (
				306989C018B61719007A9270 /* SPDYTestClient.app */,
				306989DB18B61719007A9270 /* SPDYTestClientTests.xctest */,
			);
			name = Products;
			sourceTree = "<group>";
		};
		306989C218B61719007A9270 /* Frameworks */ = {
			isa = PBXGroup;
			children = (
				306989C318B61719007A9270 /* Foundation.framework */,
				306989C518B61719007A9270 /* CoreGraphics.framework */,
				306989C718B61719007A9270 /* UIKit.framework */,
				306989DC18B61719007A9270 /* XCTest.framework */,
				8BDBDE58621A4D1F8A04EC3B /* libPods.a */,
			);
			name = Frameworks;
			sourceTree = "<group>";
		};
		306989C918B61719007A9270 /* SPDYTestClient */ = {
			isa = PBXGroup;
			children = (
				306989D218B61719007A9270 /* SPDYTCAppDelegate.h */,
				306989D318B61719007A9270 /* SPDYTCAppDelegate.m */,
				306989D518B61719007A9270 /* Images.xcassets */,
				306989CA18B61719007A9270 /* Supporting Files */,
			);
			path = SPDYTestClient;
			sourceTree = "<group>";
		};
		306989CA18B61719007A9270 /* Supporting Files */ = {
			isa = PBXGroup;
			children = (
				306989CB18B61719007A9270 /* SPDYTestClient-Info.plist */,
				306989CC18B61719007A9270 /* InfoPlist.strings */,
				306989CF18B61719007A9270 /* main.m */,
				306989D118B61719007A9270 /* SPDYTestClient-Prefix.pch */,
			);
			name = "Supporting Files";
			sourceTree = "<group>";
		};
		306989E218B61719007A9270 /* SPDYTestClientTests */ = {
			isa = PBXGroup;
			children = (
				306989E818B61719007A9270 /* SPDYTestClientTests.m */,
				306989E318B61719007A9270 /* Supporting Files */,
			);
			path = SPDYTestClientTests;
			sourceTree = "<group>";
		};
		306989E318B61719007A9270 /* Supporting Files */ = {
			isa = PBXGroup;
			children = (
				306989E418B61719007A9270 /* SPDYTestClientTests-Info.plist */,
				306989E518B61719007A9270 /* InfoPlist.strings */,
			);
			name = "Supporting Files";
			sourceTree = "<group>";
		};
/* End PBXGroup section */

/* Begin PBXNativeTarget section */
		306989BF18B61719007A9270 /* SPDYTestClient */ = {
			isa = PBXNativeTarget;
			buildConfigurationList = 306989EC18B6171A007A9270 /* Build configuration list for PBXNativeTarget "SPDYTestClient" */;
			buildPhases = (
				935BE37684864436B9C20398 /* Check Pods Manifest.lock */,
				306989BC18B61719007A9270 /* Sources */,
				306989BD18B61719007A9270 /* Frameworks */,
				306989BE18B61719007A9270 /* Resources */,
				AAE5034FD01A45AEA6309200 /* Copy Pods Resources */,
			);
			buildRules = (
			);
			dependencies = (
			);
			name = SPDYTestClient;
			productName = SPDYTestClient;
			productReference = 306989C018B61719007A9270 /* SPDYTestClient.app */;
			productType = "com.apple.product-type.application";
		};
		306989DA18B61719007A9270 /* SPDYTestClientTests */ = {
			isa = PBXNativeTarget;
			buildConfigurationList = 306989EF18B6171A007A9270 /* Build configuration list for PBXNativeTarget "SPDYTestClientTests" */;
			buildPhases = (
				306989D718B61719007A9270 /* Sources */,
				306989D818B61719007A9270 /* Frameworks */,
				306989D918B61719007A9270 /* Resources */,
			);
			buildRules = (
			);
			dependencies = (
				306989E118B61719007A9270 /* PBXTargetDependency */,
			);
			name = SPDYTestClientTests;
			productName = SPDYTestClientTests;
			productReference = 306989DB18B61719007A9270 /* SPDYTestClientTests.xctest */;
			productType = "com.apple.product-type.bundle.unit-test";
		};
/* End PBXNativeTarget section */

/* Begin PBXProject section */
		306989B818B61719007A9270 /* Project object */ = {
			isa = PBXProject;
			attributes = {
				CLASSPREFIX = SPDYTC;
				LastUpgradeCheck = 0500;
				TargetAttributes = {
					306989DA18B61719007A9270 = {
						TestTargetID = 306989BF18B61719007A9270;
					};
				};
			};
			buildConfigurationList = 306989BB18B61719007A9270 /* Build configuration list for PBXProject "SPDYTestClient" */;
			compatibilityVersion = "Xcode 3.2";
			developmentRegion = English;
			hasScannedForEncodings = 0;
			knownRegions = (
				en,
			);
			mainGroup = 306989B718B61719007A9270;
			productRefGroup = 306989C118B61719007A9270 /* Products */;
			projectDirPath = "";
			projectRoot = "";
			targets = (
				306989BF18B61719007A9270 /* SPDYTestClient */,
				306989DA18B61719007A9270 /* SPDYTestClientTests */,
			);
		};
/* End PBXProject section */

/* Begin PBXResourcesBuildPhase section */
		306989BE18B61719007A9270 /* Resources */ = {
			isa = PBXResourcesBuildPhase;
			buildActionMask = 2147483647;
			files = (
				306989CE18B61719007A9270 /* InfoPlist.strings in Resources */,
				306989D618B61719007A9270 /* Images.xcassets in Resources */,
			);
			runOnlyForDeploymentPostprocessing = 0;
		};
		306989D918B61719007A9270 /* Resources */ = {
			isa = PBXResourcesBuildPhase;
			buildActionMask = 2147483647;
			files = (
				306989E718B61719007A9270 /* InfoPlist.strings in Resources */,
			);
			runOnlyForDeploymentPostprocessing = 0;
		};
/* End PBXResourcesBuildPhase section */

/* Begin PBXShellScriptBuildPhase section */
		935BE37684864436B9C20398 /* Check Pods Manifest.lock */ = {
			isa = PBXShellScriptBuildPhase;
			buildActionMask = 2147483647;
			files = (
			);
			inputPaths = (
			);
			name = "Check Pods Manifest.lock";
			outputPaths = (
			);
			runOnlyForDeploymentPostprocessing = 0;
			shellPath = /bin/sh;
			shellScript = "diff \"${PODS_ROOT}/../Podfile.lock\" \"${PODS_ROOT}/Manifest.lock\" > /dev/null\nif [[ $? != 0 ]] ; then\n    cat << EOM\nerror: The sandbox is not in sync with the Podfile.lock. Run 'pod install' or update your CocoaPods installation.\nEOM\n    exit 1\nfi\n";
			showEnvVarsInLog = 0;
		};
		AAE5034FD01A45AEA6309200 /* Copy Pods Resources */ = {
			isa = PBXShellScriptBuildPhase;
			buildActionMask = 2147483647;
			files = (
			);
			inputPaths = (
			);
			name = "Copy Pods Resources";
			outputPaths = (
			);
			runOnlyForDeploymentPostprocessing = 0;
			shellPath = /bin/sh;
			shellScript = "\"${SRCROOT}/Pods/Pods-resources.sh\"\n";
			showEnvVarsInLog = 0;
		};
/* End PBXShellScriptBuildPhase section */

/* Begin PBXSourcesBuildPhase section */
		306989BC18B61719007A9270 /* Sources */ = {
			isa = PBXSourcesBuildPhase;
			buildActionMask = 2147483647;
			files = (
				306989D018B61719007A9270 /* main.m in Sources */,
				306989D418B61719007A9270 /* SPDYTCAppDelegate.m in Sources */,
			);
			runOnlyForDeploymentPostprocessing = 0;
		};
		306989D718B61719007A9270 /* Sources */ = {
			isa = PBXSourcesBuildPhase;
			buildActionMask = 2147483647;
			files = (
				306989E918B61719007A9270 /* SPDYTestClientTests.m in Sources */,
			);
			runOnlyForDeploymentPostprocessing = 0;
		};
/* End PBXSourcesBuildPhase section */

/* Begin PBXTargetDependency section */
		306989E118B61719007A9270 /* PBXTargetDependency */ = {
			isa = PBXTargetDependency;
			target = 306989BF18B61719007A9270 /* SPDYTestClient */;
			targetProxy = 306989E018B61719007A9270 /* PBXContainerItemProxy */;
		};
/* End PBXTargetDependency section */

/* Begin PBXVariantGroup section */
		306989CC18B61719007A9270 /* InfoPlist.strings */ = {
			isa = PBXVariantGroup;
			children = (
				306989CD18B61719007A9270 /* en */,
			);
			name = InfoPlist.strings;
			sourceTree = "<group>";
		};
		306989E518B61719007A9270 /* InfoPlist.strings */ = {
			isa = PBXVariantGroup;
			children = (
				306989E618B61719007A9270 /* en */,
			);
			name = InfoPlist.strings;
			sourceTree = "<group>";
		};
/* End PBXVariantGroup section */

/* Begin XCBuildConfiguration section */
		306989EA18B6171A007A9270 /* Debug */ = {
			isa = XCBuildConfiguration;
			buildSettings = {
				ALWAYS_SEARCH_USER_PATHS = NO;
				ARCHS = "$(ARCHS_STANDARD_INCLUDING_64_BIT)";
				CLANG_CXX_LANGUAGE_STANDARD = "gnu++0x";
				CLANG_CXX_LIBRARY = "libc++";
				CLANG_ENABLE_MODULES = YES;
				CLANG_ENABLE_OBJC_ARC = YES;
				CLANG_WARN_BOOL_CONVERSION = YES;
				CLANG_WARN_CONSTANT_CONVERSION = YES;
				CLANG_WARN_DIRECT_OBJC_ISA_USAGE = YES_ERROR;
				CLANG_WARN_EMPTY_BODY = YES;
				CLANG_WARN_ENUM_CONVERSION = YES;
				CLANG_WARN_INT_CONVERSION = YES;
				CLANG_WARN_OBJC_ROOT_CLASS = YES_ERROR;
				CLANG_WARN__DUPLICATE_METHOD_MATCH = YES;
				"CODE_SIGN_IDENTITY[sdk=iphoneos*]" = "iPhone Developer";
				COPY_PHASE_STRIP = NO;
				GCC_C_LANGUAGE_STANDARD = gnu99;
				GCC_DYNAMIC_NO_PIC = NO;
				GCC_OPTIMIZATION_LEVEL = 0;
				GCC_PREPROCESSOR_DEFINITIONS = (
					"DEBUG=1",
					"$(inherited)",
				);
				GCC_SYMBOLS_PRIVATE_EXTERN = NO;
				GCC_WARN_64_TO_32_BIT_CONVERSION = YES;
				GCC_WARN_ABOUT_RETURN_TYPE = YES_ERROR;
				GCC_WARN_UNDECLARED_SELECTOR = YES;
				GCC_WARN_UNINITIALIZED_AUTOS = YES;
				GCC_WARN_UNUSED_FUNCTION = YES;
				GCC_WARN_UNUSED_VARIABLE = YES;
				IPHONEOS_DEPLOYMENT_TARGET = 7.0;
				ONLY_ACTIVE_ARCH = YES;
				SDKROOT = iphoneos;
				TARGETED_DEVICE_FAMILY = "1,2";
			};
			name = Debug;
		};
		306989EB18B6171A007A9270 /* Release */ = {
			isa = XCBuildConfiguration;
			buildSettings = {
				ALWAYS_SEARCH_USER_PATHS = NO;
				ARCHS = "$(ARCHS_STANDARD_INCLUDING_64_BIT)";
				CLANG_CXX_LANGUAGE_STANDARD = "gnu++0x";
				CLANG_CXX_LIBRARY = "libc++";
				CLANG_ENABLE_MODULES = YES;
				CLANG_ENABLE_OBJC_ARC = YES;
				CLANG_WARN_BOOL_CONVERSION = YES;
				CLANG_WARN_CONSTANT_CONVERSION = YES;
				CLANG_WARN_DIRECT_OBJC_ISA_USAGE = YES_ERROR;
				CLANG_WARN_EMPTY_BODY = YES;
				CLANG_WARN_ENUM_CONVERSION = YES;
				CLANG_WARN_INT_CONVERSION = YES;
				CLANG_WARN_OBJC_ROOT_CLASS = YES_ERROR;
				CLANG_WARN__DUPLICATE_METHOD_MATCH = YES;
				"CODE_SIGN_IDENTITY[sdk=iphoneos*]" = "iPhone Developer";
				COPY_PHASE_STRIP = YES;
				ENABLE_NS_ASSERTIONS = NO;
				GCC_C_LANGUAGE_STANDARD = gnu99;
				GCC_WARN_64_TO_32_BIT_CONVERSION = YES;
				GCC_WARN_ABOUT_RETURN_TYPE = YES_ERROR;
				GCC_WARN_UNDECLARED_SELECTOR = YES;
				GCC_WARN_UNINITIALIZED_AUTOS = YES;
				GCC_WARN_UNUSED_FUNCTION = YES;
				GCC_WARN_UNUSED_VARIABLE = YES;
				IPHONEOS_DEPLOYMENT_TARGET = 7.0;
				SDKROOT = iphoneos;
				TARGETED_DEVICE_FAMILY = "1,2";
				VALIDATE_PRODUCT = YES;
			};
			name = Release;
		};
		306989ED18B6171A007A9270 /* Debug */ = {
			isa = XCBuildConfiguration;
			baseConfigurationReference = AB064D1F591E4CE0A8145C3D /* Pods.xcconfig */;
			buildSettings = {
				ASSETCATALOG_COMPILER_APPICON_NAME = AppIcon;
				ASSETCATALOG_COMPILER_LAUNCHIMAGE_NAME = LaunchImage;
				GCC_PRECOMPILE_PREFIX_HEADER = YES;
				GCC_PREFIX_HEADER = "SPDYTestClient/SPDYTestClient-Prefix.pch";
				INFOPLIST_FILE = "SPDYTestClient/SPDYTestClient-Info.plist";
				PRODUCT_NAME = "$(TARGET_NAME)";
				WRAPPER_EXTENSION = app;
			};
			name = Debug;
		};
		306989EE18B6171A007A9270 /* Release */ = {
			isa = XCBuildConfiguration;
			baseConfigurationReference = AB064D1F591E4CE0A8145C3D /* Pods.xcconfig */;
			buildSettings = {
				ASSETCATALOG_COMPILER_APPICON_NAME = AppIcon;
				ASSETCATALOG_COMPILER_LAUNCHIMAGE_NAME = LaunchImage;
				GCC_PRECOMPILE_PREFIX_HEADER = YES;
				GCC_PREFIX_HEADER = "SPDYTestClient/SPDYTestClient-Prefix.pch";
				INFOPLIST_FILE = "SPDYTestClient/SPDYTestClient-Info.plist";
				PRODUCT_NAME = "$(TARGET_NAME)";
				WRAPPER_EXTENSION = app;
			};
			name = Release;
		};
		306989F018B6171A007A9270 /* Debug */ = {
			isa = XCBuildConfiguration;
			buildSettings = {
				ARCHS = "$(ARCHS_STANDARD_INCLUDING_64_BIT)";
				BUNDLE_LOADER = "$(BUILT_PRODUCTS_DIR)/SPDYTestClient.app/SPDYTestClient";
				FRAMEWORK_SEARCH_PATHS = (
					"$(SDKROOT)/Developer/Library/Frameworks",
					"$(inherited)",
					"$(DEVELOPER_FRAMEWORKS_DIR)",
				);
				GCC_PRECOMPILE_PREFIX_HEADER = YES;
				GCC_PREFIX_HEADER = "SPDYTestClient/SPDYTestClient-Prefix.pch";
				GCC_PREPROCESSOR_DEFINITIONS = (
					"DEBUG=1",
					"$(inherited)",
				);
				INFOPLIST_FILE = "SPDYTestClientTests/SPDYTestClientTests-Info.plist";
				PRODUCT_NAME = "$(TARGET_NAME)";
				TEST_HOST = "$(BUNDLE_LOADER)";
				WRAPPER_EXTENSION = xctest;
			};
			name = Debug;
		};
		306989F118B6171A007A9270 /* Release */ = {
			isa = XCBuildConfiguration;
			buildSettings = {
				ARCHS = "$(ARCHS_STANDARD_INCLUDING_64_BIT)";
				BUNDLE_LOADER = "$(BUILT_PRODUCTS_DIR)/SPDYTestClient.app/SPDYTestClient";
				FRAMEWORK_SEARCH_PATHS = (
					"$(SDKROOT)/Developer/Library/Frameworks",
					"$(inherited)",
					"$(DEVELOPER_FRAMEWORKS_DIR)",
				);
				GCC_PRECOMPILE_PREFIX_HEADER = YES;
				GCC_PREFIX_HEADER = "SPDYTestClient/SPDYTestClient-Prefix.pch";
				INFOPLIST_FILE = "SPDYTestClientTests/SPDYTestClientTests-Info.plist";
				PRODUCT_NAME = "$(TARGET_NAME)";
				TEST_HOST = "$(BUNDLE_LOADER)";
				WRAPPER_EXTENSION = xctest;
			};
			name = Release;
		};
/* End XCBuildConfiguration section */

/* Begin XCConfigurationList section */
		306989BB18B61719007A9270 /* Build configuration list for PBXProject "SPDYTestClient" */ = {
			isa = XCConfigurationList;
			buildConfigurations = (
				306989EA18B6171A007A9270 /* Debug */,
				306989EB18B6171A007A9270 /* Release */,
			);
			defaultConfigurationIsVisible = 0;
			defaultConfigurationName = Release;
		};
		306989EC18B6171A007A9270 /* Build configuration list for PBXNativeTarget "SPDYTestClient" */ = {
			isa = XCConfigurationList;
			buildConfigurations = (
				306989ED18B6171A007A9270 /* Debug */,
				306989EE18B6171A007A9270 /* Release */,
			);
			defaultConfigurationIsVisible = 0;
			defaultConfigurationName = Release;
		};
		306989EF18B6171A007A9270 /* Build configuration list for PBXNativeTarget "SPDYTestClientTests" */ = {
			isa = XCConfigurationList;
			buildConfigurations = (
				306989F018B6171A007A9270 /* Debug */,
				306989F118B6171A007A9270 /* Release */,
			);
			defaultConfigurationIsVisible = 0;
			defaultConfigurationName = Release;
		};
/* End XCConfigurationList section */
	};
	rootObject = 306989B818B61719007A9270 /* Project object */;
}
