// !$*UTF8*$!
{
	archiveVersion = 1;
	classes = {
	};
	objectVersion = 46;
	objects = {

/* Begin PBXBuildFile section */
		2E2AD8BA64F94B498A5CE8EA /* libPods.a in Frameworks */ = {isa = PBXBuildFile; fileRef = F4361AE87A5D4BF28CCC91EF /* libPods.a */; };
		304DC36718B61C32005DCD56 /* Foundation.framework in Frameworks */ = {isa = PBXBuildFile; fileRef = 304DC36618B61C32005DCD56 /* Foundation.framework */; };
		304DC36918B61C32005DCD56 /* CoreGraphics.framework in Frameworks */ = {isa = PBXBuildFile; fileRef = 304DC36818B61C32005DCD56 /* CoreGraphics.framework */; };
		304DC36B18B61C32005DCD56 /* UIKit.framework in Frameworks */ = {isa = PBXBuildFile; fileRef = 304DC36A18B61C32005DCD56 /* UIKit.framework */; };
		304DC37118B61C32005DCD56 /* InfoPlist.strings in Resources */ = {isa = PBXBuildFile; fileRef = 304DC36F18B61C32005DCD56 /* InfoPlist.strings */; };
		304DC37318B61C32005DCD56 /* main.m in Sources */ = {isa = PBXBuildFile; fileRef = 304DC37218B61C32005DCD56 /* main.m */; };
		304DC37718B61C32005DCD56 /* SPDYTCAppDelegate.m in Sources */ = {isa = PBXBuildFile; fileRef = 304DC37618B61C32005DCD56 /* SPDYTCAppDelegate.m */; };
		304DC37A18B61C32005DCD56 /* Main_iPhone.storyboard in Resources */ = {isa = PBXBuildFile; fileRef = 304DC37818B61C32005DCD56 /* Main_iPhone.storyboard */; };
		304DC37D18B61C32005DCD56 /* Main_iPad.storyboard in Resources */ = {isa = PBXBuildFile; fileRef = 304DC37B18B61C32005DCD56 /* Main_iPad.storyboard */; };
		304DC38018B61C32005DCD56 /* SPDYTCViewController.m in Sources */ = {isa = PBXBuildFile; fileRef = 304DC37F18B61C32005DCD56 /* SPDYTCViewController.m */; };
		304DC38218B61C32005DCD56 /* Images.xcassets in Resources */ = {isa = PBXBuildFile; fileRef = 304DC38118B61C32005DCD56 /* Images.xcassets */; };
		304DC38918B61C32005DCD56 /* XCTest.framework in Frameworks */ = {isa = PBXBuildFile; fileRef = 304DC38818B61C32005DCD56 /* XCTest.framework */; };
		304DC38A18B61C32005DCD56 /* Foundation.framework in Frameworks */ = {isa = PBXBuildFile; fileRef = 304DC36618B61C32005DCD56 /* Foundation.framework */; };
		304DC38B18B61C32005DCD56 /* UIKit.framework in Frameworks */ = {isa = PBXBuildFile; fileRef = 304DC36A18B61C32005DCD56 /* UIKit.framework */; };
		304DC39318B61C32005DCD56 /* InfoPlist.strings in Resources */ = {isa = PBXBuildFile; fileRef = 304DC39118B61C32005DCD56 /* InfoPlist.strings */; };
		304DC39518B61C32005DCD56 /* SPDYTestClientTests.m in Sources */ = {isa = PBXBuildFile; fileRef = 304DC39418B61C32005DCD56 /* SPDYTestClientTests.m */; };
/* End PBXBuildFile section */

/* Begin PBXContainerItemProxy section */
		304DC38C18B61C32005DCD56 /* PBXContainerItemProxy */ = {
			isa = PBXContainerItemProxy;
			containerPortal = 304DC35B18B61C32005DCD56 /* Project object */;
			proxyType = 1;
			remoteGlobalIDString = 304DC36218B61C32005DCD56;
			remoteInfo = SPDYTestClient;
		};
/* End PBXContainerItemProxy section */

/* Begin PBXFileReference section */
		304DC36318B61C32005DCD56 /* SPDYTestClient.app */ = {isa = PBXFileReference; explicitFileType = wrapper.application; includeInIndex = 0; path = SPDYTestClient.app; sourceTree = BUILT_PRODUCTS_DIR; };
		304DC36618B61C32005DCD56 /* Foundation.framework */ = {isa = PBXFileReference; lastKnownFileType = wrapper.framework; name = Foundation.framework; path = System/Library/Frameworks/Foundation.framework; sourceTree = SDKROOT; };
		304DC36818B61C32005DCD56 /* CoreGraphics.framework */ = {isa = PBXFileReference; lastKnownFileType = wrapper.framework; name = CoreGraphics.framework; path = System/Library/Frameworks/CoreGraphics.framework; sourceTree = SDKROOT; };
		304DC36A18B61C32005DCD56 /* UIKit.framework */ = {isa = PBXFileReference; lastKnownFileType = wrapper.framework; name = UIKit.framework; path = System/Library/Frameworks/UIKit.framework; sourceTree = SDKROOT; };
		304DC36E18B61C32005DCD56 /* SPDYTestClient-Info.plist */ = {isa = PBXFileReference; lastKnownFileType = text.plist.xml; path = "SPDYTestClient-Info.plist"; sourceTree = "<group>"; };
		304DC37018B61C32005DCD56 /* en */ = {isa = PBXFileReference; lastKnownFileType = text.plist.strings; name = en; path = en.lproj/InfoPlist.strings; sourceTree = "<group>"; };
		304DC37218B61C32005DCD56 /* main.m */ = {isa = PBXFileReference; lastKnownFileType = sourcecode.c.objc; path = main.m; sourceTree = "<group>"; };
		304DC37418B61C32005DCD56 /* SPDYTestClient-Prefix.pch */ = {isa = PBXFileReference; lastKnownFileType = sourcecode.c.h; path = "SPDYTestClient-Prefix.pch"; sourceTree = "<group>"; };
		304DC37518B61C32005DCD56 /* SPDYTCAppDelegate.h */ = {isa = PBXFileReference; lastKnownFileType = sourcecode.c.h; path = SPDYTCAppDelegate.h; sourceTree = "<group>"; };
		304DC37618B61C32005DCD56 /* SPDYTCAppDelegate.m */ = {isa = PBXFileReference; lastKnownFileType = sourcecode.c.objc; path = SPDYTCAppDelegate.m; sourceTree = "<group>"; };
		304DC37918B61C32005DCD56 /* Base */ = {isa = PBXFileReference; lastKnownFileType = file.storyboard; name = Base; path = Base.lproj/Main_iPhone.storyboard; sourceTree = "<group>"; };
		304DC37C18B61C32005DCD56 /* Base */ = {isa = PBXFileReference; lastKnownFileType = file.storyboard; name = Base; path = Base.lproj/Main_iPad.storyboard; sourceTree = "<group>"; };
		304DC37E18B61C32005DCD56 /* SPDYTCViewController.h */ = {isa = PBXFileReference; lastKnownFileType = sourcecode.c.h; path = SPDYTCViewController.h; sourceTree = "<group>"; };
		304DC37F18B61C32005DCD56 /* SPDYTCViewController.m */ = {isa = PBXFileReference; lastKnownFileType = sourcecode.c.objc; path = SPDYTCViewController.m; sourceTree = "<group>"; };
		304DC38118B61C32005DCD56 /* Images.xcassets */ = {isa = PBXFileReference; lastKnownFileType = folder.assetcatalog; path = Images.xcassets; sourceTree = "<group>"; };
		304DC38718B61C32005DCD56 /* SPDYTestClientTests.xctest */ = {isa = PBXFileReference; explicitFileType = wrapper.cfbundle; includeInIndex = 0; path = SPDYTestClientTests.xctest; sourceTree = BUILT_PRODUCTS_DIR; };
		304DC38818B61C32005DCD56 /* XCTest.framework */ = {isa = PBXFileReference; lastKnownFileType = wrapper.framework; name = XCTest.framework; path = Library/Frameworks/XCTest.framework; sourceTree = DEVELOPER_DIR; };
		304DC39018B61C32005DCD56 /* SPDYTestClientTests-Info.plist */ = {isa = PBXFileReference; lastKnownFileType = text.plist.xml; path = "SPDYTestClientTests-Info.plist"; sourceTree = "<group>"; };
		304DC39218B61C32005DCD56 /* en */ = {isa = PBXFileReference; lastKnownFileType = text.plist.strings; name = en; path = en.lproj/InfoPlist.strings; sourceTree = "<group>"; };
		304DC39418B61C32005DCD56 /* SPDYTestClientTests.m */ = {isa = PBXFileReference; lastKnownFileType = sourcecode.c.objc; path = SPDYTestClientTests.m; sourceTree = "<group>"; };
		C041F4C799774D1DA50580CB /* Pods.xcconfig */ = {isa = PBXFileReference; includeInIndex = 1; lastKnownFileType = text.xcconfig; name = Pods.xcconfig; path = Pods/Pods.xcconfig; sourceTree = "<group>"; };
		F4361AE87A5D4BF28CCC91EF /* libPods.a */ = {isa = PBXFileReference; explicitFileType = archive.ar; includeInIndex = 0; path = libPods.a; sourceTree = BUILT_PRODUCTS_DIR; };
/* End PBXFileReference section */

/* Begin PBXFrameworksBuildPhase section */
		304DC36018B61C32005DCD56 /* Frameworks */ = {
			isa = PBXFrameworksBuildPhase;
			buildActionMask = 2147483647;
			files = (
				304DC36918B61C32005DCD56 /* CoreGraphics.framework in Frameworks */,
				304DC36B18B61C32005DCD56 /* UIKit.framework in Frameworks */,
				304DC36718B61C32005DCD56 /* Foundation.framework in Frameworks */,
				2E2AD8BA64F94B498A5CE8EA /* libPods.a in Frameworks */,
			);
			runOnlyForDeploymentPostprocessing = 0;
		};
		304DC38418B61C32005DCD56 /* Frameworks */ = {
			isa = PBXFrameworksBuildPhase;
			buildActionMask = 2147483647;
			files = (
				304DC38918B61C32005DCD56 /* XCTest.framework in Frameworks */,
				304DC38B18B61C32005DCD56 /* UIKit.framework in Frameworks */,
				304DC38A18B61C32005DCD56 /* Foundation.framework in Frameworks */,
			);
			runOnlyForDeploymentPostprocessing = 0;
		};
/* End PBXFrameworksBuildPhase section */

/* Begin PBXGroup section */
		304DC35A18B61C32005DCD56 = {
			isa = PBXGroup;
			children = (
				304DC36C18B61C32005DCD56 /* SPDYTestClient */,
				304DC38E18B61C32005DCD56 /* SPDYTestClientTests */,
				304DC36518B61C32005DCD56 /* Frameworks */,
				304DC36418B61C32005DCD56 /* Products */,
				C041F4C799774D1DA50580CB /* Pods.xcconfig */,
			);
			sourceTree = "<group>";
		};
		304DC36418B61C32005DCD56 /* Products */ = {
			isa = PBXGroup;
			children = (
				304DC36318B61C32005DCD56 /* SPDYTestClient.app */,
				304DC38718B61C32005DCD56 /* SPDYTestClientTests.xctest */,
			);
			name = Products;
			sourceTree = "<group>";
		};
		304DC36518B61C32005DCD56 /* Frameworks */ = {
			isa = PBXGroup;
			children = (
				304DC36618B61C32005DCD56 /* Foundation.framework */,
				304DC36818B61C32005DCD56 /* CoreGraphics.framework */,
				304DC36A18B61C32005DCD56 /* UIKit.framework */,
				304DC38818B61C32005DCD56 /* XCTest.framework */,
				F4361AE87A5D4BF28CCC91EF /* libPods.a */,
			);
			name = Frameworks;
			sourceTree = "<group>";
		};
		304DC36C18B61C32005DCD56 /* SPDYTestClient */ = {
			isa = PBXGroup;
			children = (
				304DC37518B61C32005DCD56 /* SPDYTCAppDelegate.h */,
				304DC37618B61C32005DCD56 /* SPDYTCAppDelegate.m */,
				304DC37E18B61C32005DCD56 /* SPDYTCViewController.h */,
				304DC37F18B61C32005DCD56 /* SPDYTCViewController.m */,
				304DC37818B61C32005DCD56 /* Main_iPhone.storyboard */,
				304DC37B18B61C32005DCD56 /* Main_iPad.storyboard */,
				304DC38118B61C32005DCD56 /* Images.xcassets */,
				304DC36D18B61C32005DCD56 /* Supporting Files */,
			);
			path = SPDYTestClient;
			sourceTree = "<group>";
		};
		304DC36D18B61C32005DCD56 /* Supporting Files */ = {
			isa = PBXGroup;
			children = (
				304DC36E18B61C32005DCD56 /* SPDYTestClient-Info.plist */,
				304DC36F18B61C32005DCD56 /* InfoPlist.strings */,
				304DC37218B61C32005DCD56 /* main.m */,
				304DC37418B61C32005DCD56 /* SPDYTestClient-Prefix.pch */,
			);
			name = "Supporting Files";
			sourceTree = "<group>";
		};
		304DC38E18B61C32005DCD56 /* SPDYTestClientTests */ = {
			isa = PBXGroup;
			children = (
				304DC39418B61C32005DCD56 /* SPDYTestClientTests.m */,
				304DC38F18B61C32005DCD56 /* Supporting Files */,
			);
			path = SPDYTestClientTests;
			sourceTree = "<group>";
		};
		304DC38F18B61C32005DCD56 /* Supporting Files */ = {
			isa = PBXGroup;
			children = (
				304DC39018B61C32005DCD56 /* SPDYTestClientTests-Info.plist */,
				304DC39118B61C32005DCD56 /* InfoPlist.strings */,
			);
			name = "Supporting Files";
			sourceTree = "<group>";
		};
/* End PBXGroup section */

/* Begin PBXNativeTarget section */
		304DC36218B61C32005DCD56 /* SPDYTestClient */ = {
			isa = PBXNativeTarget;
			buildConfigurationList = 304DC39818B61C32005DCD56 /* Build configuration list for PBXNativeTarget "SPDYTestClient" */;
			buildPhases = (
				E22EF54549204C3B904853FB /* Check Pods Manifest.lock */,
				304DC35F18B61C32005DCD56 /* Sources */,
				304DC36018B61C32005DCD56 /* Frameworks */,
				304DC36118B61C32005DCD56 /* Resources */,
				D958F992775D43DAAC9C5C30 /* Copy Pods Resources */,
			);
			buildRules = (
			);
			dependencies = (
			);
			name = SPDYTestClient;
			productName = SPDYTestClient;
			productReference = 304DC36318B61C32005DCD56 /* SPDYTestClient.app */;
			productType = "com.apple.product-type.application";
		};
		304DC38618B61C32005DCD56 /* SPDYTestClientTests */ = {
			isa = PBXNativeTarget;
			buildConfigurationList = 304DC39B18B61C32005DCD56 /* Build configuration list for PBXNativeTarget "SPDYTestClientTests" */;
			buildPhases = (
				304DC38318B61C32005DCD56 /* Sources */,
				304DC38418B61C32005DCD56 /* Frameworks */,
				304DC38518B61C32005DCD56 /* Resources */,
			);
			buildRules = (
			);
			dependencies = (
				304DC38D18B61C32005DCD56 /* PBXTargetDependency */,
			);
			name = SPDYTestClientTests;
			productName = SPDYTestClientTests;
			productReference = 304DC38718B61C32005DCD56 /* SPDYTestClientTests.xctest */;
			productType = "com.apple.product-type.bundle.unit-test";
		};
/* End PBXNativeTarget section */

/* Begin PBXProject section */
		304DC35B18B61C32005DCD56 /* Project object */ = {
			isa = PBXProject;
			attributes = {
				CLASSPREFIX = SPDYTC;
				LastUpgradeCheck = 0500;
				TargetAttributes = {
					304DC38618B61C32005DCD56 = {
						TestTargetID = 304DC36218B61C32005DCD56;
					};
				};
			};
			buildConfigurationList = 304DC35E18B61C32005DCD56 /* Build configuration list for PBXProject "SPDYTestClient" */;
			compatibilityVersion = "Xcode 3.2";
			developmentRegion = English;
			hasScannedForEncodings = 0;
			knownRegions = (
				en,
				Base,
			);
			mainGroup = 304DC35A18B61C32005DCD56;
			productRefGroup = 304DC36418B61C32005DCD56 /* Products */;
			projectDirPath = "";
			projectRoot = "";
			targets = (
				304DC36218B61C32005DCD56 /* SPDYTestClient */,
				304DC38618B61C32005DCD56 /* SPDYTestClientTests */,
			);
		};
/* End PBXProject section */

/* Begin PBXResourcesBuildPhase section */
		304DC36118B61C32005DCD56 /* Resources */ = {
			isa = PBXResourcesBuildPhase;
			buildActionMask = 2147483647;
			files = (
				304DC37D18B61C32005DCD56 /* Main_iPad.storyboard in Resources */,
				304DC38218B61C32005DCD56 /* Images.xcassets in Resources */,
				304DC37A18B61C32005DCD56 /* Main_iPhone.storyboard in Resources */,
				304DC37118B61C32005DCD56 /* InfoPlist.strings in Resources */,
			);
			runOnlyForDeploymentPostprocessing = 0;
		};
		304DC38518B61C32005DCD56 /* Resources */ = {
			isa = PBXResourcesBuildPhase;
			buildActionMask = 2147483647;
			files = (
				304DC39318B61C32005DCD56 /* InfoPlist.strings in Resources */,
			);
			runOnlyForDeploymentPostprocessing = 0;
		};
/* End PBXResourcesBuildPhase section */

/* Begin PBXShellScriptBuildPhase section */
		D958F992775D43DAAC9C5C30 /* Copy Pods Resources */ = {
			isa = PBXShellScriptBuildPhase;
			buildActionMask = 2147483647;
			files = (
			);
			inputPaths = (
			);
			name = "Copy Pods Resources";
			outputPaths = (
			);
			runOnlyForDeploymentPostprocessing = 0;
			shellPath = /bin/sh;
			shellScript = "\"${SRCROOT}/Pods/Pods-resources.sh\"\n";
			showEnvVarsInLog = 0;
		};
		E22EF54549204C3B904853FB /* Check Pods Manifest.lock */ = {
			isa = PBXShellScriptBuildPhase;
			buildActionMask = 2147483647;
			files = (
			);
			inputPaths = (
			);
			name = "Check Pods Manifest.lock";
			outputPaths = (
			);
			runOnlyForDeploymentPostprocessing = 0;
			shellPath = /bin/sh;
			shellScript = "diff \"${PODS_ROOT}/../Podfile.lock\" \"${PODS_ROOT}/Manifest.lock\" > /dev/null\nif [[ $? != 0 ]] ; then\n    cat << EOM\nerror: The sandbox is not in sync with the Podfile.lock. Run 'pod install' or update your CocoaPods installation.\nEOM\n    exit 1\nfi\n";
			showEnvVarsInLog = 0;
		};
/* End PBXShellScriptBuildPhase section */

/* Begin PBXSourcesBuildPhase section */
		304DC35F18B61C32005DCD56 /* Sources */ = {
			isa = PBXSourcesBuildPhase;
			buildActionMask = 2147483647;
			files = (
				304DC37318B61C32005DCD56 /* main.m in Sources */,
				304DC37718B61C32005DCD56 /* SPDYTCAppDelegate.m in Sources */,
				304DC38018B61C32005DCD56 /* SPDYTCViewController.m in Sources */,
			);
			runOnlyForDeploymentPostprocessing = 0;
		};
		304DC38318B61C32005DCD56 /* Sources */ = {
			isa = PBXSourcesBuildPhase;
			buildActionMask = 2147483647;
			files = (
				304DC39518B61C32005DCD56 /* SPDYTestClientTests.m in Sources */,
			);
			runOnlyForDeploymentPostprocessing = 0;
		};
/* End PBXSourcesBuildPhase section */

/* Begin PBXTargetDependency section */
		304DC38D18B61C32005DCD56 /* PBXTargetDependency */ = {
			isa = PBXTargetDependency;
			target = 304DC36218B61C32005DCD56 /* SPDYTestClient */;
			targetProxy = 304DC38C18B61C32005DCD56 /* PBXContainerItemProxy */;
		};
/* End PBXTargetDependency section */

/* Begin PBXVariantGroup section */
		304DC36F18B61C32005DCD56 /* InfoPlist.strings */ = {
			isa = PBXVariantGroup;
			children = (
				304DC37018B61C32005DCD56 /* en */,
			);
			name = InfoPlist.strings;
			sourceTree = "<group>";
		};
		304DC37818B61C32005DCD56 /* Main_iPhone.storyboard */ = {
			isa = PBXVariantGroup;
			children = (
				304DC37918B61C32005DCD56 /* Base */,
			);
			name = Main_iPhone.storyboard;
			sourceTree = "<group>";
		};
		304DC37B18B61C32005DCD56 /* Main_iPad.storyboard */ = {
			isa = PBXVariantGroup;
			children = (
				304DC37C18B61C32005DCD56 /* Base */,
			);
			name = Main_iPad.storyboard;
			sourceTree = "<group>";
		};
		304DC39118B61C32005DCD56 /* InfoPlist.strings */ = {
			isa = PBXVariantGroup;
			children = (
				304DC39218B61C32005DCD56 /* en */,
			);
			name = InfoPlist.strings;
			sourceTree = "<group>";
		};
/* End PBXVariantGroup section */

/* Begin XCBuildConfiguration section */
		304DC39618B61C32005DCD56 /* Debug */ = {
			isa = XCBuildConfiguration;
			buildSettings = {
				ALWAYS_SEARCH_USER_PATHS = NO;
				ARCHS = "$(ARCHS_STANDARD_INCLUDING_64_BIT)";
				CLANG_CXX_LANGUAGE_STANDARD = "gnu++0x";
				CLANG_CXX_LIBRARY = "libc++";
				CLANG_ENABLE_MODULES = YES;
				CLANG_ENABLE_OBJC_ARC = YES;
				CLANG_WARN_BOOL_CONVERSION = YES;
				CLANG_WARN_CONSTANT_CONVERSION = YES;
				CLANG_WARN_DIRECT_OBJC_ISA_USAGE = YES_ERROR;
				CLANG_WARN_EMPTY_BODY = YES;
				CLANG_WARN_ENUM_CONVERSION = YES;
				CLANG_WARN_INT_CONVERSION = YES;
				CLANG_WARN_OBJC_ROOT_CLASS = YES_ERROR;
				CLANG_WARN__DUPLICATE_METHOD_MATCH = YES;
				"CODE_SIGN_IDENTITY[sdk=iphoneos*]" = "iPhone Developer";
				COPY_PHASE_STRIP = NO;
				GCC_C_LANGUAGE_STANDARD = gnu99;
				GCC_DYNAMIC_NO_PIC = NO;
				GCC_OPTIMIZATION_LEVEL = 0;
				GCC_PREPROCESSOR_DEFINITIONS = (
					"DEBUG=1",
					"$(inherited)",
				);
				GCC_SYMBOLS_PRIVATE_EXTERN = NO;
				GCC_WARN_64_TO_32_BIT_CONVERSION = YES;
				GCC_WARN_ABOUT_RETURN_TYPE = YES_ERROR;
				GCC_WARN_UNDECLARED_SELECTOR = YES;
				GCC_WARN_UNINITIALIZED_AUTOS = YES;
				GCC_WARN_UNUSED_FUNCTION = YES;
				GCC_WARN_UNUSED_VARIABLE = YES;
				IPHONEOS_DEPLOYMENT_TARGET = 7.0;
				ONLY_ACTIVE_ARCH = YES;
				SDKROOT = iphoneos;
				TARGETED_DEVICE_FAMILY = "1,2";
			};
			name = Debug;
		};
		304DC39718B61C32005DCD56 /* Release */ = {
			isa = XCBuildConfiguration;
			buildSettings = {
				ALWAYS_SEARCH_USER_PATHS = NO;
				ARCHS = "$(ARCHS_STANDARD_INCLUDING_64_BIT)";
				CLANG_CXX_LANGUAGE_STANDARD = "gnu++0x";
				CLANG_CXX_LIBRARY = "libc++";
				CLANG_ENABLE_MODULES = YES;
				CLANG_ENABLE_OBJC_ARC = YES;
				CLANG_WARN_BOOL_CONVERSION = YES;
				CLANG_WARN_CONSTANT_CONVERSION = YES;
				CLANG_WARN_DIRECT_OBJC_ISA_USAGE = YES_ERROR;
				CLANG_WARN_EMPTY_BODY = YES;
				CLANG_WARN_ENUM_CONVERSION = YES;
				CLANG_WARN_INT_CONVERSION = YES;
				CLANG_WARN_OBJC_ROOT_CLASS = YES_ERROR;
				CLANG_WARN__DUPLICATE_METHOD_MATCH = YES;
				"CODE_SIGN_IDENTITY[sdk=iphoneos*]" = "iPhone Developer";
				COPY_PHASE_STRIP = YES;
				ENABLE_NS_ASSERTIONS = NO;
				GCC_C_LANGUAGE_STANDARD = gnu99;
				GCC_WARN_64_TO_32_BIT_CONVERSION = YES;
				GCC_WARN_ABOUT_RETURN_TYPE = YES_ERROR;
				GCC_WARN_UNDECLARED_SELECTOR = YES;
				GCC_WARN_UNINITIALIZED_AUTOS = YES;
				GCC_WARN_UNUSED_FUNCTION = YES;
				GCC_WARN_UNUSED_VARIABLE = YES;
				IPHONEOS_DEPLOYMENT_TARGET = 7.0;
				SDKROOT = iphoneos;
				TARGETED_DEVICE_FAMILY = "1,2";
				VALIDATE_PRODUCT = YES;
			};
			name = Release;
		};
		304DC39918B61C32005DCD56 /* Debug */ = {
			isa = XCBuildConfiguration;
			baseConfigurationReference = C041F4C799774D1DA50580CB /* Pods.xcconfig */;
			buildSettings = {
				ASSETCATALOG_COMPILER_APPICON_NAME = AppIcon;
				ASSETCATALOG_COMPILER_LAUNCHIMAGE_NAME = LaunchImage;
				GCC_PRECOMPILE_PREFIX_HEADER = YES;
				GCC_PREFIX_HEADER = "SPDYTestClient/SPDYTestClient-Prefix.pch";
				INFOPLIST_FILE = "SPDYTestClient/SPDYTestClient-Info.plist";
				PRODUCT_NAME = "$(TARGET_NAME)";
				WRAPPER_EXTENSION = app;
			};
			name = Debug;
		};
		304DC39A18B61C32005DCD56 /* Release */ = {
			isa = XCBuildConfiguration;
			baseConfigurationReference = C041F4C799774D1DA50580CB /* Pods.xcconfig */;
			buildSettings = {
				ASSETCATALOG_COMPILER_APPICON_NAME = AppIcon;
				ASSETCATALOG_COMPILER_LAUNCHIMAGE_NAME = LaunchImage;
				GCC_PRECOMPILE_PREFIX_HEADER = YES;
				GCC_PREFIX_HEADER = "SPDYTestClient/SPDYTestClient-Prefix.pch";
				INFOPLIST_FILE = "SPDYTestClient/SPDYTestClient-Info.plist";
				PRODUCT_NAME = "$(TARGET_NAME)";
				WRAPPER_EXTENSION = app;
			};
			name = Release;
		};
		304DC39C18B61C32005DCD56 /* Debug */ = {
			isa = XCBuildConfiguration;
			buildSettings = {
				ARCHS = "$(ARCHS_STANDARD_INCLUDING_64_BIT)";
				BUNDLE_LOADER = "$(BUILT_PRODUCTS_DIR)/SPDYTestClient.app/SPDYTestClient";
				FRAMEWORK_SEARCH_PATHS = (
					"$(SDKROOT)/Developer/Library/Frameworks",
					"$(inherited)",
					"$(DEVELOPER_FRAMEWORKS_DIR)",
				);
				GCC_PRECOMPILE_PREFIX_HEADER = YES;
				GCC_PREFIX_HEADER = "SPDYTestClient/SPDYTestClient-Prefix.pch";
				GCC_PREPROCESSOR_DEFINITIONS = (
					"DEBUG=1",
					"$(inherited)",
				);
				INFOPLIST_FILE = "SPDYTestClientTests/SPDYTestClientTests-Info.plist";
				PRODUCT_NAME = "$(TARGET_NAME)";
				TEST_HOST = "$(BUNDLE_LOADER)";
				WRAPPER_EXTENSION = xctest;
			};
			name = Debug;
		};
		304DC39D18B61C32005DCD56 /* Release */ = {
			isa = XCBuildConfiguration;
			buildSettings = {
				ARCHS = "$(ARCHS_STANDARD_INCLUDING_64_BIT)";
				BUNDLE_LOADER = "$(BUILT_PRODUCTS_DIR)/SPDYTestClient.app/SPDYTestClient";
				FRAMEWORK_SEARCH_PATHS = (
					"$(SDKROOT)/Developer/Library/Frameworks",
					"$(inherited)",
					"$(DEVELOPER_FRAMEWORKS_DIR)",
				);
				GCC_PRECOMPILE_PREFIX_HEADER = YES;
				GCC_PREFIX_HEADER = "SPDYTestClient/SPDYTestClient-Prefix.pch";
				INFOPLIST_FILE = "SPDYTestClientTests/SPDYTestClientTests-Info.plist";
				PRODUCT_NAME = "$(TARGET_NAME)";
				TEST_HOST = "$(BUNDLE_LOADER)";
				WRAPPER_EXTENSION = xctest;
			};
			name = Release;
		};
/* End XCBuildConfiguration section */

/* Begin XCConfigurationList section */
		304DC35E18B61C32005DCD56 /* Build configuration list for PBXProject "SPDYTestClient" */ = {
			isa = XCConfigurationList;
			buildConfigurations = (
				304DC39618B61C32005DCD56 /* Debug */,
				304DC39718B61C32005DCD56 /* Release */,
			);
			defaultConfigurationIsVisible = 0;
			defaultConfigurationName = Release;
		};
		304DC39818B61C32005DCD56 /* Build configuration list for PBXNativeTarget "SPDYTestClient" */ = {
			isa = XCConfigurationList;
			buildConfigurations = (
				304DC39918B61C32005DCD56 /* Debug */,
				304DC39A18B61C32005DCD56 /* Release */,
			);
			defaultConfigurationIsVisible = 0;
			defaultConfigurationName = Release;
		};
		304DC39B18B61C32005DCD56 /* Build configuration list for PBXNativeTarget "SPDYTestClientTests" */ = {
			isa = XCConfigurationList;
			buildConfigurations = (
				304DC39C18B61C32005DCD56 /* Debug */,
				304DC39D18B61C32005DCD56 /* Release */,
			);
			defaultConfigurationIsVisible = 0;
			defaultConfigurationName = Release;
		};
/* End XCConfigurationList section */
	};
	rootObject = 304DC35B18B61C32005DCD56 /* Project object */;
}
